# THIS IS AN AUTOGENERATED FILE. DO NOT EDIT THIS FILE DIRECTLY.
# yarn lockfile v1


"@angular/compiler@^5.2.0":
  version "5.2.10"
  resolved "https://registry.yarnpkg.com/@angular/compiler/-/compiler-5.2.10.tgz#1cd9914436f0707957823531c4418ce5b7e6a130"
  dependencies:
    tslib "^1.7.1"

"@angular/platform-browser-dynamic@^5.2.0":
  version "5.2.10"
  resolved "https://registry.yarnpkg.com/@angular/platform-browser-dynamic/-/platform-browser-dynamic-5.2.10.tgz#bec4c0ca9fb16c34adee851caa187989953216ca"
  dependencies:
    tslib "^1.7.1"

"@angular/platform-browser@^5.2.0":
  version "5.2.10"
  resolved "https://registry.yarnpkg.com/@angular/platform-browser/-/platform-browser-5.2.10.tgz#92883803de7362e635748a440dd5f6172fc2394a"
  dependencies:
    tslib "^1.7.1"

core-js@^2.4.1:
  version "2.5.5"
  resolved "https://registry.yarnpkg.com/core-js/-/core-js-2.5.5.tgz#b14dde936c640c0579a6b50cabcc132dd6127e3b"

tslib@^1.7.1:
  version "1.9.0"
  resolved "https://registry.yarnpkg.com/tslib/-/tslib-1.9.0.tgz#e37a86fda8cbbaf23a057f473c9f4dc64e5fc2e8"

zone.js@^0.8.19:
  version "0.8.26"
  resolved "https://registry.yarnpkg.com/zone.js/-/zone.js-0.8.26.tgz#7bdd72f7668c5a7ad6b118148b4ea39c59d08d2d"
