# THIS IS AN AUTOGENERATED FILE. DO NOT EDIT THIS FILE DIRECTLY.
# yarn lockfile v1


"@angular/compiler@^7.2.0":
  version "7.2.0"
  resolved "https://registry.yarnpkg.com/@angular/compiler/-/compiler-7.2.0.tgz#bcaf682f71d501db6057e53f044ab85d41b648f0"
  integrity sha512-On1qj4yQoIGxGOQ09ohTq0QNjrIJtWcwnCXYAEEyc83eadBMOqiFh6SUMgX1O+B7BIB4mebFw/n/etez0A21xw==
  dependencies:
    tslib "^1.9.0"

"@angular/platform-browser-dynamic@^7.2.0":
  version "7.2.0"
  resolved "https://registry.yarnpkg.com/@angular/platform-browser-dynamic/-/platform-browser-dynamic-7.2.0.tgz#9528df44211185d382b02dcfc5612d092aa6b67d"
  integrity sha512-IiyBcQIQVDZMxfpTYex1QfPmcMubKLgu1pCvQsjr0HmUEySqcykO+FzHlYLf5TTgRrtkI6cP2pYzTHGVR93Gpg==
  dependencies:
    tslib "^1.9.0"

"@angular/platform-browser@^7.2.0":
  version "7.2.0"
  resolved "https://registry.yarnpkg.com/@angular/platform-browser/-/platform-browser-7.2.0.tgz#f2fd73c10e2133996ac575dc6f715e2e410c9fba"
  integrity sha512-ClrGYlacK0kexE7eHLfruOjgJl0MtMt7RsMv5i757GUwbOm1dCwG1HK8cLNDZJFHMZodKVKwEGS6/R5Cl6vrNg==
  dependencies:
    tslib "^1.9.0"

core-js@^2.6.1:
  version "2.6.1"
  resolved "https://registry.yarnpkg.com/core-js/-/core-js-2.6.1.tgz#87416ae817de957a3f249b3b5ca475d4aaed6042"
  integrity sha512-L72mmmEayPJBejKIWe2pYtGis5r0tQ5NaJekdhyXgeMQTpJoBsH0NL4ElY2LfSoV15xeQWKQ+XTTOZdyero5Xg==

tslib@^1.9.0:
  version "1.9.3"
  resolved "https://registry.yarnpkg.com/tslib/-/tslib-1.9.3.tgz#d7e4dd79245d85428c4d7e4822a79917954ca286"
  integrity sha512-4krF8scpejhaOgqzBEcGM7yDIEfi0/8+8zDRZhNZZ2kjmHJ4hv3zCbQWxoJGz1iw5U0Jl0nma13xzHXcncMavQ==

zone.js@^0.8.26:
  version "0.8.26"
  resolved "https://registry.yarnpkg.com/zone.js/-/zone.js-0.8.26.tgz#7bdd72f7668c5a7ad6b118148b4ea39c59d08d2d"
  integrity sha512-W9Nj+UmBJG251wkCacIkETgra4QgBo/vgoEkb4a2uoLzpQG7qF9nzwoLXWU5xj3Fg2mxGvEDh47mg24vXccYjA==
